Microsoft Visual Studio Solution File, Format Version 11.00
# Visual Studio 2008

Project("{8D1D25E2-A47D-5F70-4DD0-0711CF19DFAD}") = "ProjectSummer 2016", "Assembly-CSharp.csproj", "{3CF7FF78-3DA9-248F-1A1A-61BA2880A790}"
EndProject
Global
	GlobalSection(SolutionConfigurationPlatforms) = preSolution
		Debug|Any CPU = Debug|Any CPU
		Release|Any CPU = Release|Any CPU
	EndGlobalSection
	GlobalSection(ProjectConfigurationPlatforms) = postSolution
		{3CF7FF78-3DA9-248F-1A1A-61BA2880A790}.Debug|Any CPU.ActiveCfg = Debug|Any CPU
		{3CF7FF78-3DA9-248F-1A1A-61BA2880A790}.Debug|Any CPU.Build.0 = Debug|Any CPU
		{3CF7FF78-3DA9-248F-1A1A-61BA2880A790}.Release|Any CPU.ActiveCfg = Release|Any CPU
		{3CF7FF78-3DA9-248F-1A1A-61BA2880A790}.Release|Any CPU.Build.0 = Release|Any CPU
	EndGlobalSection
	GlobalSection(SolutionProperties) = preSolution
		HideSolutionNode = FALSE
	EndGlobalSection
	GlobalSection(MonoDevelopProperties) = preSolution
		StartupItem = Assembly-CSharp.csproj
	EndGlobalSection
EndGlobal
